github.com/qiniu/iconv v1.2.0 h1:2LJKwoF+4LJ3lNM+7cE3P1kNQzAI/HMZuWhkmFoY2U8=
github.com/qiniu/iconv v1.2.0/go.mod h1:5bxb2h9lptZt2eHLgY+Jw4X06TMtKb6tvvok0DwSwGA=
golang.org/x/text v0.14.0 h1:ScX5w1eTa3QqT8oi6+ziP7dTV1S2+ALU0bI+0zXKWiQ=
golang.org/x/text v0.14.0/go.mod h1:18ZOQIKpY8NJVqYksKHtTdi31H5itFRjB5/qKTNYzSU=
